
Microsoft Visual Studio Solution File, Format Version 12.00
# Visual Studio 2013
VisualStudioVersion = 12.0.30501.0
MinimumVisualStudioVersion = 10.0.40219.1
Project("{FAE04EC0-301F-11D3-BF4B-00C04F79EFBC}") = "PizzaShopStatePattern", "PizzaShopStatePattern\PizzaShopStatePattern.csproj", "{CED765E9-A0AF-4844-B131-2283859D218F}"
EndProject
Project("{FAE04EC0-301F-11D3-BF4B-00C04F79EFBC}") = "PizzaShopTest", "PizzaShopTest\PizzaShopTest.csproj", "{A0DB9D1D-159A-4DF2-A7DE-A4F4AF5CE570}"
EndProject
Global
	GlobalSection(SolutionConfigurationPlatforms) = preSolution
		Debug|Any CPU = Debug|Any CPU
		Release|Any CPU = Release|Any CPU
	EndGlobalSection
	GlobalSection(ProjectConfigurationPlatforms) = postSolution
		{CED765E9-A0AF-4844-B131-2283859D218F}.Debug|Any CPU.ActiveCfg = Debug|Any CPU
		{CED765E9-A0AF-4844-B131-2283859D218F}.Debug|Any CPU.Build.0 = Debug|Any CPU
		{CED765E9-A0AF-4844-B131-2283859D218F}.Release|Any CPU.ActiveCfg = Release|Any CPU
		{CED765E9-A0AF-4844-B131-2283859D218F}.Release|Any CPU.Build.0 = Release|Any CPU
		{A0DB9D1D-159A-4DF2-A7DE-A4F4AF5CE570}.Debug|Any CPU.ActiveCfg = Debug|Any CPU
		{A0DB9D1D-159A-4DF2-A7DE-A4F4AF5CE570}.Debug|Any CPU.Build.0 = Debug|Any CPU
		{A0DB9D1D-159A-4DF2-A7DE-A4F4AF5CE570}.Release|Any CPU.ActiveCfg = Release|Any CPU
		{A0DB9D1D-159A-4DF2-A7DE-A4F4AF5CE570}.Release|Any CPU.Build.0 = Release|Any CPU
	EndGlobalSection
	GlobalSection(SolutionProperties) = preSolution
		HideSolutionNode = FALSE
	EndGlobalSection
EndGlobal
