
Microsoft Visual Studio Solution File, Format Version 12.00
# Visual Studio 14
VisualStudioVersion = 14.0.25420.1
MinimumVisualStudioVersion = 10.0.40219.1
Project("{FAE04EC0-301F-11D3-BF4B-00C04F79EFBC}") = "DprFactoryPattern", "DprFactoryPattern\DprFactoryPattern.csproj", "{E7DCA211-6B85-4257-8C4E-80870A738783}"
EndProject
Project("{FAE04EC0-301F-11D3-BF4B-00C04F79EFBC}") = "DprFactoryPatternTest", "DprFactoryPatternTest\DprFactoryPatternTest.csproj", "{9D6C58F1-CC9F-43FD-A39D-30A46DE2972B}"
EndProject
Global
	GlobalSection(SolutionConfigurationPlatforms) = preSolution
		Debug|Any CPU = Debug|Any CPU
		Release|Any CPU = Release|Any CPU
	EndGlobalSection
	GlobalSection(ProjectConfigurationPlatforms) = postSolution
		{E7DCA211-6B85-4257-8C4E-80870A738783}.Debug|Any CPU.ActiveCfg = Debug|Any CPU
		{E7DCA211-6B85-4257-8C4E-80870A738783}.Debug|Any CPU.Build.0 = Debug|Any CPU
		{E7DCA211-6B85-4257-8C4E-80870A738783}.Release|Any CPU.ActiveCfg = Release|Any CPU
		{E7DCA211-6B85-4257-8C4E-80870A738783}.Release|Any CPU.Build.0 = Release|Any CPU
		{9D6C58F1-CC9F-43FD-A39D-30A46DE2972B}.Debug|Any CPU.ActiveCfg = Debug|Any CPU
		{9D6C58F1-CC9F-43FD-A39D-30A46DE2972B}.Debug|Any CPU.Build.0 = Debug|Any CPU
		{9D6C58F1-CC9F-43FD-A39D-30A46DE2972B}.Release|Any CPU.ActiveCfg = Release|Any CPU
		{9D6C58F1-CC9F-43FD-A39D-30A46DE2972B}.Release|Any CPU.Build.0 = Release|Any CPU
	EndGlobalSection
	GlobalSection(SolutionProperties) = preSolution
		HideSolutionNode = FALSE
	EndGlobalSection
EndGlobal
