
Microsoft Visual Studio Solution File, Format Version 12.00
# Visual Studio 14
VisualStudioVersion = 14.0.25420.1
MinimumVisualStudioVersion = 10.0.40219.1
Project("{FAE04EC0-301F-11D3-BF4B-00C04F79EFBC}") = "DprStrategyPattern", "DprStrategyPattern\DprStrategyPattern.csproj", "{75DB3E4F-A896-438A-AD7B-96E8C5C6EEB8}"
EndProject
Project("{FAE04EC0-301F-11D3-BF4B-00C04F79EFBC}") = "DprStrategyPatternTest", "DprStrategyPatternTest\DprStrategyPatternTest.csproj", "{0F29551F-F89D-47FD-8A38-36F903586864}"
EndProject
Global
	GlobalSection(SolutionConfigurationPlatforms) = preSolution
		Debug|Any CPU = Debug|Any CPU
		Release|Any CPU = Release|Any CPU
	EndGlobalSection
	GlobalSection(ProjectConfigurationPlatforms) = postSolution
		{75DB3E4F-A896-438A-AD7B-96E8C5C6EEB8}.Debug|Any CPU.ActiveCfg = Debug|Any CPU
		{75DB3E4F-A896-438A-AD7B-96E8C5C6EEB8}.Debug|Any CPU.Build.0 = Debug|Any CPU
		{75DB3E4F-A896-438A-AD7B-96E8C5C6EEB8}.Release|Any CPU.ActiveCfg = Release|Any CPU
		{75DB3E4F-A896-438A-AD7B-96E8C5C6EEB8}.Release|Any CPU.Build.0 = Release|Any CPU
		{0F29551F-F89D-47FD-8A38-36F903586864}.Debug|Any CPU.ActiveCfg = Debug|Any CPU
		{0F29551F-F89D-47FD-8A38-36F903586864}.Debug|Any CPU.Build.0 = Debug|Any CPU
		{0F29551F-F89D-47FD-8A38-36F903586864}.Release|Any CPU.ActiveCfg = Release|Any CPU
		{0F29551F-F89D-47FD-8A38-36F903586864}.Release|Any CPU.Build.0 = Release|Any CPU
	EndGlobalSection
	GlobalSection(SolutionProperties) = preSolution
		HideSolutionNode = FALSE
	EndGlobalSection
EndGlobal
