
Microsoft Visual Studio Solution File, Format Version 12.00
# Visual Studio 2013
VisualStudioVersion = 12.0.30501.0
MinimumVisualStudioVersion = 10.0.40219.1
Project("{FAE04EC0-301F-11D3-BF4B-00C04F79EFBC}") = "Iterator_Pattern_Employee", "Iterator_Pattern_Employee\Iterator_Pattern_Employee.csproj", "{6858B181-FBB2-4A2D-9326-A906F490B7A9}"
EndProject
Project("{FAE04EC0-301F-11D3-BF4B-00C04F79EFBC}") = "IteratorPatternTest", "IteratorPatternTest\IteratorPatternTest.csproj", "{A32F5AA5-10C3-4D5B-970E-824D860D7CA1}"
EndProject
Global
	GlobalSection(SolutionConfigurationPlatforms) = preSolution
		Debug|Any CPU = Debug|Any CPU
		Release|Any CPU = Release|Any CPU
	EndGlobalSection
	GlobalSection(ProjectConfigurationPlatforms) = postSolution
		{6858B181-FBB2-4A2D-9326-A906F490B7A9}.Debug|Any CPU.ActiveCfg = Debug|Any CPU
		{6858B181-FBB2-4A2D-9326-A906F490B7A9}.Debug|Any CPU.Build.0 = Debug|Any CPU
		{6858B181-FBB2-4A2D-9326-A906F490B7A9}.Release|Any CPU.ActiveCfg = Release|Any CPU
		{6858B181-FBB2-4A2D-9326-A906F490B7A9}.Release|Any CPU.Build.0 = Release|Any CPU
		{A32F5AA5-10C3-4D5B-970E-824D860D7CA1}.Debug|Any CPU.ActiveCfg = Debug|Any CPU
		{A32F5AA5-10C3-4D5B-970E-824D860D7CA1}.Debug|Any CPU.Build.0 = Debug|Any CPU
		{A32F5AA5-10C3-4D5B-970E-824D860D7CA1}.Release|Any CPU.ActiveCfg = Release|Any CPU
		{A32F5AA5-10C3-4D5B-970E-824D860D7CA1}.Release|Any CPU.Build.0 = Release|Any CPU
	EndGlobalSection
	GlobalSection(SolutionProperties) = preSolution
		HideSolutionNode = FALSE
	EndGlobalSection
EndGlobal
